
Microsoft Visual Studio Solution File, Format Version 12.00
# Visual Studio Version 16
VisualStudioVersion = 25.0.1705.3
MinimumVisualStudioVersion = 10.0.40219.1
Project("{FAE04EC0-301F-11D3-BF4B-00C04F79EFBC}") = "Mono.API", "Mono.API\Mono.API.csproj", "{56344D97-5046-472C-9132-D4CB075A898B}"
EndProject
Project("{FAE04EC0-301F-11D3-BF4B-00C04F79EFBC}") = "Mono.UTest", "Mono.UTest\Mono.UTest.csproj", "{7F429B9B-309F-4D73-BADD-9B2A79E98CFF}"
EndProject
Project("{FAE04EC0-301F-11D3-BF4B-00C04F79EFBC}") = "Mono.ITest", "Mono.ITest\Mono.ITest.csproj", "{F3A985A5-D3AC-4425-8D28-0320E2153FAB}"
EndProject
Global
	GlobalSection(SolutionConfigurationPlatforms) = preSolution
		Debug|Any CPU = Debug|Any CPU
		Release|Any CPU = Release|Any CPU
	EndGlobalSection
	GlobalSection(ProjectConfigurationPlatforms) = postSolution
		{56344D97-5046-472C-9132-D4CB075A898B}.Debug|Any CPU.ActiveCfg = Debug|Any CPU
		{56344D97-5046-472C-9132-D4CB075A898B}.Debug|Any CPU.Build.0 = Debug|Any CPU
		{56344D97-5046-472C-9132-D4CB075A898B}.Release|Any CPU.ActiveCfg = Release|Any CPU
		{56344D97-5046-472C-9132-D4CB075A898B}.Release|Any CPU.Build.0 = Release|Any CPU
		{7F429B9B-309F-4D73-BADD-9B2A79E98CFF}.Debug|Any CPU.ActiveCfg = Debug|Any CPU
		{7F429B9B-309F-4D73-BADD-9B2A79E98CFF}.Debug|Any CPU.Build.0 = Debug|Any CPU
		{7F429B9B-309F-4D73-BADD-9B2A79E98CFF}.Release|Any CPU.ActiveCfg = Release|Any CPU
		{7F429B9B-309F-4D73-BADD-9B2A79E98CFF}.Release|Any CPU.Build.0 = Release|Any CPU
		{F3A985A5-D3AC-4425-8D28-0320E2153FAB}.Debug|Any CPU.ActiveCfg = Debug|Any CPU
		{F3A985A5-D3AC-4425-8D28-0320E2153FAB}.Debug|Any CPU.Build.0 = Debug|Any CPU
		{F3A985A5-D3AC-4425-8D28-0320E2153FAB}.Release|Any CPU.ActiveCfg = Release|Any CPU
		{F3A985A5-D3AC-4425-8D28-0320E2153FAB}.Release|Any CPU.Build.0 = Release|Any CPU
	EndGlobalSection
	GlobalSection(SolutionProperties) = preSolution
		HideSolutionNode = FALSE
	EndGlobalSection
	GlobalSection(ExtensibilityGlobals) = postSolution
		SolutionGuid = {D24BAF89-1914-47AF-A0B9-E67491B15849}
	EndGlobalSection
EndGlobal
