
Microsoft Visual Studio Solution File, Format Version 12.00
# Visual Studio Version 16
VisualStudioVersion = 25.0.1705.3
MinimumVisualStudioVersion = 10.0.40219.1
Project("{FAE04EC0-301F-11D3-BF4B-00C04F79EFBC}") = "MonoAPI", "MonoAPI\MonoAPI.csproj", "{56344D97-5046-472C-9132-D4CB075A898B}"
EndProject
Project("{FAE04EC0-301F-11D3-BF4B-00C04F79EFBC}") = "IdentityServer", "IdentityServer\IdentityServer.csproj", "{31A6CA97-40D8-4A96-8A2E-38FAD36F9A2D}"
EndProject
Global
	GlobalSection(SolutionConfigurationPlatforms) = preSolution
		Debug|Any CPU = Debug|Any CPU
		Release|Any CPU = Release|Any CPU
	EndGlobalSection
	GlobalSection(ProjectConfigurationPlatforms) = postSolution
		{56344D97-5046-472C-9132-D4CB075A898B}.Debug|Any CPU.ActiveCfg = Debug|Any CPU
		{56344D97-5046-472C-9132-D4CB075A898B}.Debug|Any CPU.Build.0 = Debug|Any CPU
		{56344D97-5046-472C-9132-D4CB075A898B}.Release|Any CPU.ActiveCfg = Release|Any CPU
		{56344D97-5046-472C-9132-D4CB075A898B}.Release|Any CPU.Build.0 = Release|Any CPU
		{31A6CA97-40D8-4A96-8A2E-38FAD36F9A2D}.Debug|Any CPU.ActiveCfg = Debug|Any CPU
		{31A6CA97-40D8-4A96-8A2E-38FAD36F9A2D}.Debug|Any CPU.Build.0 = Debug|Any CPU
		{31A6CA97-40D8-4A96-8A2E-38FAD36F9A2D}.Release|Any CPU.ActiveCfg = Release|Any CPU
		{31A6CA97-40D8-4A96-8A2E-38FAD36F9A2D}.Release|Any CPU.Build.0 = Release|Any CPU
	EndGlobalSection
	GlobalSection(SolutionProperties) = preSolution
		HideSolutionNode = FALSE
	EndGlobalSection
	GlobalSection(ExtensibilityGlobals) = postSolution
		SolutionGuid = {D24BAF89-1914-47AF-A0B9-E67491B15849}
	EndGlobalSection
EndGlobal
