
Microsoft Visual Studio Solution File, Format Version 12.00
Project("{FAE04EC0-301F-11D3-BF4B-00C04F79EFBC}") = "Reporting.API", "Services\Reporting\Reporting.API\Reporting.API.csproj", "{4765A5C8-2714-4430-AF28-383617120D88}"
EndProject
Project("{FAE04EC0-301F-11D3-BF4B-00C04F79EFBC}") = "Reporting.UTest", "Services\Reporting\Reporting.UTest\Reporting.UTest.csproj", "{0891028B-3D56-425B-B63E-DADE9F0ECF1E}"
EndProject
Project("{FAE04EC0-301F-11D3-BF4B-00C04F79EFBC}") = "Reporting.Domain", "Services\Reporting\Reporting.Domain\Reporting.Domain.csproj", "{2C1B328B-2EA7-4E6C-838F-5FA7641B1837}"
EndProject
Project("{FAE04EC0-301F-11D3-BF4B-00C04F79EFBC}") = "Reporting.Infrastructure", "Services\Reporting\Reporting.Infrastructure\Reporting.Infrastructure.csproj", "{CCDC7A95-8938-447F-9A78-6E2A3C431D97}"
EndProject
Project("{FAE04EC0-301F-11D3-BF4B-00C04F79EFBC}") = "Reporting.ITest", "Services\Reporting\Reporting.ITest\Reporting.ITest.csproj", "{79138466-9EB9-4BF1-9CC5-B475205A2851}"
EndProject
Project("{FAE04EC0-301F-11D3-BF4B-00C04F79EFBC}") = "Domain.SeedWork", "SeedWorks\Domain.SeedWork\Domain.SeedWork.csproj", "{28C5CC03-A414-4612-A15C-E9398145A675}"
EndProject
Project("{FAE04EC0-301F-11D3-BF4B-00C04F79EFBC}") = "Configuring.Domain", "Services\Configuring\Configuring.Domain\Configuring.Domain.csproj", "{215D2B0C-DBF2-4E62-BE71-6ABA4ABAC003}"
EndProject
Project("{FAE04EC0-301F-11D3-BF4B-00C04F79EFBC}") = "Configuring.API", "Services\Configuring\Configuring.API\Configuring.API.csproj", "{9EC9186C-6291-482C-8C41-7E6E1F3A599B}"
EndProject
Project("{FAE04EC0-301F-11D3-BF4B-00C04F79EFBC}") = "Configuring.Infrastructure", "Services\Configuring\Configuring.Infrastructure\Configuring.Infrastructure.csproj", "{FA7DF584-29A2-49CA-95A7-E75687DD29FF}"
EndProject
Project("{FAE04EC0-301F-11D3-BF4B-00C04F79EFBC}") = "Configuring.UTest", "Services\Configuring\Configuring.UTest\Configuring.UTest.csproj", "{603AE4A6-EF1D-46D3-90B8-E8E345B3A6FB}"
EndProject
Project("{FAE04EC0-301F-11D3-BF4B-00C04F79EFBC}") = "Configuring.ITest", "Services\Configuring\Configuring.ITest\Configuring.ITest.csproj", "{0CB7CC7E-CD5E-44FE-9780-41FEA099F689}"
EndProject
Project("{FAE04EC0-301F-11D3-BF4B-00C04F79EFBC}") = "ITest.SeedWork", "SeedWorks\ITest.SeedWork\ITest.SeedWork.csproj", "{22AAA646-22E3-485C-A3B1-E93202246167}"
EndProject
Global
	GlobalSection(SolutionConfigurationPlatforms) = preSolution
		Debug|Any CPU = Debug|Any CPU
		Release|Any CPU = Release|Any CPU
	EndGlobalSection
	GlobalSection(ProjectConfigurationPlatforms) = postSolution
		{4765A5C8-2714-4430-AF28-383617120D88}.Debug|Any CPU.ActiveCfg = Debug|Any CPU
		{4765A5C8-2714-4430-AF28-383617120D88}.Debug|Any CPU.Build.0 = Debug|Any CPU
		{4765A5C8-2714-4430-AF28-383617120D88}.Release|Any CPU.ActiveCfg = Release|Any CPU
		{4765A5C8-2714-4430-AF28-383617120D88}.Release|Any CPU.Build.0 = Release|Any CPU
		{0891028B-3D56-425B-B63E-DADE9F0ECF1E}.Debug|Any CPU.ActiveCfg = Debug|Any CPU
		{0891028B-3D56-425B-B63E-DADE9F0ECF1E}.Debug|Any CPU.Build.0 = Debug|Any CPU
		{0891028B-3D56-425B-B63E-DADE9F0ECF1E}.Release|Any CPU.ActiveCfg = Release|Any CPU
		{0891028B-3D56-425B-B63E-DADE9F0ECF1E}.Release|Any CPU.Build.0 = Release|Any CPU
		{2C1B328B-2EA7-4E6C-838F-5FA7641B1837}.Debug|Any CPU.ActiveCfg = Debug|Any CPU
		{2C1B328B-2EA7-4E6C-838F-5FA7641B1837}.Debug|Any CPU.Build.0 = Debug|Any CPU
		{2C1B328B-2EA7-4E6C-838F-5FA7641B1837}.Release|Any CPU.ActiveCfg = Release|Any CPU
		{2C1B328B-2EA7-4E6C-838F-5FA7641B1837}.Release|Any CPU.Build.0 = Release|Any CPU
		{CCDC7A95-8938-447F-9A78-6E2A3C431D97}.Debug|Any CPU.ActiveCfg = Debug|Any CPU
		{CCDC7A95-8938-447F-9A78-6E2A3C431D97}.Debug|Any CPU.Build.0 = Debug|Any CPU
		{CCDC7A95-8938-447F-9A78-6E2A3C431D97}.Release|Any CPU.ActiveCfg = Release|Any CPU
		{CCDC7A95-8938-447F-9A78-6E2A3C431D97}.Release|Any CPU.Build.0 = Release|Any CPU
		{79138466-9EB9-4BF1-9CC5-B475205A2851}.Debug|Any CPU.ActiveCfg = Debug|Any CPU
		{79138466-9EB9-4BF1-9CC5-B475205A2851}.Debug|Any CPU.Build.0 = Debug|Any CPU
		{79138466-9EB9-4BF1-9CC5-B475205A2851}.Release|Any CPU.ActiveCfg = Release|Any CPU
		{79138466-9EB9-4BF1-9CC5-B475205A2851}.Release|Any CPU.Build.0 = Release|Any CPU
		{28C5CC03-A414-4612-A15C-E9398145A675}.Debug|Any CPU.ActiveCfg = Debug|Any CPU
		{28C5CC03-A414-4612-A15C-E9398145A675}.Debug|Any CPU.Build.0 = Debug|Any CPU
		{28C5CC03-A414-4612-A15C-E9398145A675}.Release|Any CPU.ActiveCfg = Release|Any CPU
		{28C5CC03-A414-4612-A15C-E9398145A675}.Release|Any CPU.Build.0 = Release|Any CPU
		{215D2B0C-DBF2-4E62-BE71-6ABA4ABAC003}.Debug|Any CPU.ActiveCfg = Debug|Any CPU
		{215D2B0C-DBF2-4E62-BE71-6ABA4ABAC003}.Debug|Any CPU.Build.0 = Debug|Any CPU
		{215D2B0C-DBF2-4E62-BE71-6ABA4ABAC003}.Release|Any CPU.ActiveCfg = Release|Any CPU
		{215D2B0C-DBF2-4E62-BE71-6ABA4ABAC003}.Release|Any CPU.Build.0 = Release|Any CPU
		{9EC9186C-6291-482C-8C41-7E6E1F3A599B}.Debug|Any CPU.ActiveCfg = Debug|Any CPU
		{9EC9186C-6291-482C-8C41-7E6E1F3A599B}.Debug|Any CPU.Build.0 = Debug|Any CPU
		{9EC9186C-6291-482C-8C41-7E6E1F3A599B}.Release|Any CPU.ActiveCfg = Release|Any CPU
		{9EC9186C-6291-482C-8C41-7E6E1F3A599B}.Release|Any CPU.Build.0 = Release|Any CPU
		{FA7DF584-29A2-49CA-95A7-E75687DD29FF}.Debug|Any CPU.ActiveCfg = Debug|Any CPU
		{FA7DF584-29A2-49CA-95A7-E75687DD29FF}.Debug|Any CPU.Build.0 = Debug|Any CPU
		{FA7DF584-29A2-49CA-95A7-E75687DD29FF}.Release|Any CPU.ActiveCfg = Release|Any CPU
		{FA7DF584-29A2-49CA-95A7-E75687DD29FF}.Release|Any CPU.Build.0 = Release|Any CPU
		{603AE4A6-EF1D-46D3-90B8-E8E345B3A6FB}.Debug|Any CPU.ActiveCfg = Debug|Any CPU
		{603AE4A6-EF1D-46D3-90B8-E8E345B3A6FB}.Debug|Any CPU.Build.0 = Debug|Any CPU
		{603AE4A6-EF1D-46D3-90B8-E8E345B3A6FB}.Release|Any CPU.ActiveCfg = Release|Any CPU
		{603AE4A6-EF1D-46D3-90B8-E8E345B3A6FB}.Release|Any CPU.Build.0 = Release|Any CPU
		{0CB7CC7E-CD5E-44FE-9780-41FEA099F689}.Debug|Any CPU.ActiveCfg = Debug|Any CPU
		{0CB7CC7E-CD5E-44FE-9780-41FEA099F689}.Debug|Any CPU.Build.0 = Debug|Any CPU
		{0CB7CC7E-CD5E-44FE-9780-41FEA099F689}.Release|Any CPU.ActiveCfg = Release|Any CPU
		{0CB7CC7E-CD5E-44FE-9780-41FEA099F689}.Release|Any CPU.Build.0 = Release|Any CPU
		{22AAA646-22E3-485C-A3B1-E93202246167}.Debug|Any CPU.ActiveCfg = Debug|Any CPU
		{22AAA646-22E3-485C-A3B1-E93202246167}.Debug|Any CPU.Build.0 = Debug|Any CPU
		{22AAA646-22E3-485C-A3B1-E93202246167}.Release|Any CPU.ActiveCfg = Release|Any CPU
		{22AAA646-22E3-485C-A3B1-E93202246167}.Release|Any CPU.Build.0 = Release|Any CPU
	EndGlobalSection
EndGlobal
